
Microsoft Visual Studio Solution File, Format Version 12.00
# Visual Studio Version 16
VisualStudioVersion = 16.0.29609.76
MinimumVisualStudioVersion = 10.0.40219.1
Project("{FAE04EC0-301F-11D3-BF4B-00C04F79EFBC}") = "ImageCrusher.v.0.1", "ImageCrusher.v.0.1.csproj", "{C387852C-8B48-4A5C-BF41-3B4660D503E6}"
EndProject
Global
	GlobalSection(SolutionConfigurationPlatforms) = preSolution
		Debug|Any CPU = Debug|Any CPU
		Release|Any CPU = Release|Any CPU
	EndGlobalSection
	GlobalSection(ProjectConfigurationPlatforms) = postSolution
		{C387852C-8B48-4A5C-BF41-3B4660D503E6}.Debug|Any CPU.ActiveCfg = Debug|Any CPU
		{C387852C-8B48-4A5C-BF41-3B4660D503E6}.Debug|Any CPU.Build.0 = Debug|Any CPU
		{C387852C-8B48-4A5C-BF41-3B4660D503E6}.Release|Any CPU.ActiveCfg = Release|Any CPU
		{C387852C-8B48-4A5C-BF41-3B4660D503E6}.Release|Any CPU.Build.0 = Release|Any CPU
	EndGlobalSection
	GlobalSection(SolutionProperties) = preSolution
		HideSolutionNode = FALSE
	EndGlobalSection
	GlobalSection(ExtensibilityGlobals) = postSolution
		SolutionGuid = {54BFEB10-CC5B-43BA-91AE-B59D819D8B9F}
	EndGlobalSection
EndGlobal
